PODS:
  - IPaDesignableUI (3.7):
    - IPaDownloadManager (~> 1.2)
  - IPaDownloadManager (1.2):
    - IPaSecurity (~> 3.1)
  - IPaLog (2.3)
  - IPaMarqueeView (1.0):
    - IPaDesignableUI (= 3.7)
  - IPaSecurity (3.1):
    - IPaLog (>= 2.1)

DEPENDENCIES:
  - IPaMarqueeView (from `../`)

SPEC REPOS:
  https://github.com/ipapamagic/IPaPods.git:
    - IPaDesignableUI
    - IPaDownloadManager
    - IPaLog
    - IPaSecurity

EXTERNAL SOURCES:
  IPaMarqueeView:
    :path: "../"

SPEC CHECKSUMS:
  IPaDesignableUI: 5060ddf552e4352a06ea0015df04124680b4cfaa
  IPaDownloadManager: b19ce142b14a818d0b64877d90db5a87fda2c992
  IPaLog: 94e55e52fa0a4c3954ae8bf19bb56291d4d7ccb8
  IPaMarqueeView: 5f1da19d4a856d15dce04267cacb15c2b644a6d6
  IPaSecurity: 0abd374149fd917d01c6845854a924b5bc79de17

PODFILE CHECKSUM: 34fad3bd4779ca00823017711ca70b72cbc6e423

COCOAPODS: 1.8.4
